// !$*UTF8*$!
{
	archiveVersion = 1;
	classes = {
	};
	objectVersion = 52;
	objects = {

/* Begin PBXAggregateTarget section */
		"Logging::LoggingPackageTests::ProductTarget" /* LoggingPackageTests */ = {
			isa = PBXAggregateTarget;
			buildConfigurationList = OBJ_49 /* Build configuration list for PBXAggregateTarget "LoggingPackageTests" */;
			buildPhases = (
			);
			dependencies = (
				OBJ_52 /* PBXTargetDependency */,
			);
			name = LoggingPackageTests;
			productName = LoggingPackageTests;
		};
/* End PBXAggregateTarget section */

/* Begin PBXBuildFile section */
		6C813B2D26596B7700A8C312 /* main.swift in Sources */ = {isa = PBXBuildFile; fileRef = 6C813B2C26596B7700A8C312 /* main.swift */; };
		6C813B4326596D6700A8C312 /* Fluent in Frameworks */ = {isa = PBXBuildFile; productRef = 6C813B4226596D6700A8C312 /* Fluent */; };
		6C813B4B265971BA00A8C312 /* routes.swift in Sources */ = {isa = PBXBuildFile; fileRef = 6C813B4A265971BA00A8C312 /* routes.swift */; };
		6C813B52265971CF00A8C312 /* configure.swift in Sources */ = {isa = PBXBuildFile; fileRef = 6C813B51265971CF00A8C312 /* configure.swift */; };
		6C813B5A265971EA00A8C312 /* LogController.swift in Sources */ = {isa = PBXBuildFile; fileRef = 6C813B59265971EA00A8C312 /* LogController.swift */; };
		OBJ_34 /* Config.swift in Sources */ = {isa = PBXBuildFile; fileRef = OBJ_9 /* Config.swift */; };
		OBJ_35 /* Logging.swift in Sources */ = {isa = PBXBuildFile; fileRef = OBJ_10 /* Logging.swift */; };
		OBJ_36 /* ErrorModel.swift in Sources */ = {isa = PBXBuildFile; fileRef = OBJ_12 /* ErrorModel.swift */; };
		OBJ_37 /* InfoPageModel.swift in Sources */ = {isa = PBXBuildFile; fileRef = OBJ_13 /* InfoPageModel.swift */; };
		OBJ_38 /* LogModel.swift in Sources */ = {isa = PBXBuildFile; fileRef = OBJ_14 /* LogModel.swift */; };
		OBJ_39 /* NetworkLayer.swift in Sources */ = {isa = PBXBuildFile; fileRef = OBJ_16 /* NetworkLayer.swift */; };
		OBJ_40 /* LoggerViewController.swift in Sources */ = {isa = PBXBuildFile; fileRef = OBJ_18 /* LoggerViewController.swift */; };
		OBJ_47 /* Package.swift in Sources */ = {isa = PBXBuildFile; fileRef = OBJ_6 /* Package.swift */; };
		OBJ_58 /* LoggingTests.swift in Sources */ = {isa = PBXBuildFile; fileRef = OBJ_21 /* LoggingTests.swift */; };
		OBJ_59 /* XCTestManifests.swift in Sources */ = {isa = PBXBuildFile; fileRef = OBJ_22 /* XCTestManifests.swift */; };
		OBJ_61 /* Logging.framework in Frameworks */ = {isa = PBXBuildFile; fileRef = "Logging::Logging::Product" /* Logging.framework */; };
/* End PBXBuildFile section */

/* Begin PBXContainerItemProxy section */
		6C813B2026596B6000A8C312 /* PBXContainerItemProxy */ = {
			isa = PBXContainerItemProxy;
			containerPortal = OBJ_1 /* Project object */;
			proxyType = 1;
			remoteGlobalIDString = "Logging::Logging";
			remoteInfo = Logging;
		};
		6C813B2326596B6300A8C312 /* PBXContainerItemProxy */ = {
			isa = PBXContainerItemProxy;
			containerPortal = OBJ_1 /* Project object */;
			proxyType = 1;
			remoteGlobalIDString = "Logging::LoggingTests";
			remoteInfo = LoggingTests;
		};
/* End PBXContainerItemProxy section */

/* Begin PBXCopyFilesBuildPhase section */
		6C813B2826596B7700A8C312 /* CopyFiles */ = {
			isa = PBXCopyFilesBuildPhase;
			buildActionMask = 2147483647;
			dstPath = /usr/share/man/man1/;
			dstSubfolderSpec = 0;
			files = (
			);
			runOnlyForDeploymentPostprocessing = 1;
		};
/* End PBXCopyFilesBuildPhase section */

/* Begin PBXFileReference section */
		6C813B2A26596B7700A8C312 /* LogListener */ = {isa = PBXFileReference; explicitFileType = "compiled.mach-o.executable"; includeInIndex = 0; path = LogListener; sourceTree = BUILT_PRODUCTS_DIR; };
		6C813B2C26596B7700A8C312 /* main.swift */ = {isa = PBXFileReference; lastKnownFileType = sourcecode.swift; path = main.swift; sourceTree = "<group>"; };
		6C813B4A265971BA00A8C312 /* routes.swift */ = {isa = PBXFileReference; lastKnownFileType = sourcecode.swift; path = routes.swift; sourceTree = "<group>"; };
		6C813B51265971CF00A8C312 /* configure.swift */ = {isa = PBXFileReference; lastKnownFileType = sourcecode.swift; path = configure.swift; sourceTree = "<group>"; };
		6C813B59265971EA00A8C312 /* LogController.swift */ = {isa = PBXFileReference; lastKnownFileType = sourcecode.swift; path = LogController.swift; sourceTree = "<group>"; };
		6C91A85426599A5800209EC3 /* Info.plist */ = {isa = PBXFileReference; lastKnownFileType = text.plist.xml; path = Info.plist; sourceTree = "<group>"; };
		"Logging::Logging::Product" /* Logging.framework */ = {isa = PBXFileReference; explicitFileType = wrapper.framework; path = Logging.framework; sourceTree = BUILT_PRODUCTS_DIR; };
		"Logging::LoggingTests::Product" /* LoggingTests.xctest */ = {isa = PBXFileReference; explicitFileType = wrapper.cfbundle; path = LoggingTests.xctest; sourceTree = BUILT_PRODUCTS_DIR; };
		OBJ_10 /* Logging.swift */ = {isa = PBXFileReference; lastKnownFileType = sourcecode.swift; path = Logging.swift; sourceTree = "<group>"; };
		OBJ_12 /* ErrorModel.swift */ = {isa = PBXFileReference; lastKnownFileType = sourcecode.swift; path = ErrorModel.swift; sourceTree = "<group>"; };
		OBJ_13 /* InfoPageModel.swift */ = {isa = PBXFileReference; lastKnownFileType = sourcecode.swift; path = InfoPageModel.swift; sourceTree = "<group>"; };
		OBJ_14 /* LogModel.swift */ = {isa = PBXFileReference; lastKnownFileType = sourcecode.swift; path = LogModel.swift; sourceTree = "<group>"; };
		OBJ_16 /* NetworkLayer.swift */ = {isa = PBXFileReference; lastKnownFileType = sourcecode.swift; path = NetworkLayer.swift; sourceTree = "<group>"; };
		OBJ_18 /* LoggerViewController.swift */ = {isa = PBXFileReference; lastKnownFileType = sourcecode.swift; path = LoggerViewController.swift; sourceTree = "<group>"; };
		OBJ_21 /* LoggingTests.swift */ = {isa = PBXFileReference; lastKnownFileType = sourcecode.swift; path = LoggingTests.swift; sourceTree = "<group>"; };
		OBJ_22 /* XCTestManifests.swift */ = {isa = PBXFileReference; lastKnownFileType = sourcecode.swift; path = XCTestManifests.swift; sourceTree = "<group>"; };
		OBJ_26 /* LICENSE */ = {isa = PBXFileReference; lastKnownFileType = text; path = LICENSE; sourceTree = "<group>"; };
		OBJ_27 /* document.sh */ = {isa = PBXFileReference; lastKnownFileType = text.script.sh; path = document.sh; sourceTree = "<group>"; };
		OBJ_28 /* README.md */ = {isa = PBXFileReference; lastKnownFileType = net.daringfireball.markdown; path = README.md; sourceTree = "<group>"; };
		OBJ_6 /* Package.swift */ = {isa = PBXFileReference; explicitFileType = sourcecode.swift; path = Package.swift; sourceTree = "<group>"; };
		OBJ_9 /* Config.swift */ = {isa = PBXFileReference; lastKnownFileType = sourcecode.swift; path = Config.swift; sourceTree = "<group>"; };
/* End PBXFileReference section */

/* Begin PBXFrameworksBuildPhase section */
		6C813B2726596B7700A8C312 /* Frameworks */ = {
			isa = PBXFrameworksBuildPhase;
			buildActionMask = 2147483647;
			files = (
				6C813B4326596D6700A8C312 /* Fluent in Frameworks */,
			);
			runOnlyForDeploymentPostprocessing = 0;
		};
		OBJ_41 /* Frameworks */ = {
			isa = PBXFrameworksBuildPhase;
			buildActionMask = 0;
			files = (
			);
			runOnlyForDeploymentPostprocessing = 0;
		};
		OBJ_60 /* Frameworks */ = {
			isa = PBXFrameworksBuildPhase;
			buildActionMask = 0;
			files = (
				OBJ_61 /* Logging.framework in Frameworks */,
			);
			runOnlyForDeploymentPostprocessing = 0;
		};
/* End PBXFrameworksBuildPhase section */

/* Begin PBXGroup section */
		6C813B2B26596B7700A8C312 /* LogListener */ = {
			isa = PBXGroup;
			children = (
				6C813B58265971DF00A8C312 /* Controller */,
				6C813B49265971AA00A8C312 /* Config */,
				6C813B2C26596B7700A8C312 /* main.swift */,
			);
			path = LogListener;
			sourceTree = "<group>";
		};
		6C813B49265971AA00A8C312 /* Config */ = {
			isa = PBXGroup;
			children = (
				6C813B4A265971BA00A8C312 /* routes.swift */,
				6C813B51265971CF00A8C312 /* configure.swift */,
			);
			path = Config;
			sourceTree = "<group>";
		};
		6C813B58265971DF00A8C312 /* Controller */ = {
			isa = PBXGroup;
			children = (
				6C813B59265971EA00A8C312 /* LogController.swift */,
			);
			path = Controller;
			sourceTree = "<group>";
		};
		OBJ_11 /* Model */ = {
			isa = PBXGroup;
			children = (
				OBJ_12 /* ErrorModel.swift */,
				OBJ_13 /* InfoPageModel.swift */,
				OBJ_14 /* LogModel.swift */,
			);
			path = Model;
			sourceTree = "<group>";
		};
		OBJ_15 /* Network */ = {
			isa = PBXGroup;
			children = (
				OBJ_16 /* NetworkLayer.swift */,
			);
			path = Network;
			sourceTree = "<group>";
		};
		OBJ_17 /* ViewController */ = {
			isa = PBXGroup;
			children = (
				OBJ_18 /* LoggerViewController.swift */,
			);
			path = ViewController;
			sourceTree = "<group>";
		};
		OBJ_19 /* Tests */ = {
			isa = PBXGroup;
			children = (
				OBJ_20 /* LoggingTests */,
			);
			name = Tests;
			sourceTree = SOURCE_ROOT;
		};
		OBJ_20 /* LoggingTests */ = {
			isa = PBXGroup;
			children = (
				OBJ_21 /* LoggingTests.swift */,
				OBJ_22 /* XCTestManifests.swift */,
			);
			name = LoggingTests;
			path = Tests/LoggingTests;
			sourceTree = SOURCE_ROOT;
		};
		OBJ_23 /* Products */ = {
			isa = PBXGroup;
			children = (
				"Logging::Logging::Product" /* Logging.framework */,
				"Logging::LoggingTests::Product" /* LoggingTests.xctest */,
				6C813B2A26596B7700A8C312 /* LogListener */,
			);
			name = Products;
			sourceTree = BUILT_PRODUCTS_DIR;
		};
		OBJ_5 = {
			isa = PBXGroup;
			children = (
				6C91A85426599A5800209EC3 /* Info.plist */,
				OBJ_6 /* Package.swift */,
				OBJ_7 /* Sources */,
				OBJ_19 /* Tests */,
				6C813B2B26596B7700A8C312 /* LogListener */,
				OBJ_23 /* Products */,
				OBJ_26 /* LICENSE */,
				OBJ_27 /* document.sh */,
				OBJ_28 /* README.md */,
			);
			sourceTree = "<group>";
		};
		OBJ_7 /* Sources */ = {
			isa = PBXGroup;
			children = (
				OBJ_8 /* Logging */,
			);
			name = Sources;
			sourceTree = SOURCE_ROOT;
		};
		OBJ_8 /* Logging */ = {
			isa = PBXGroup;
			children = (
				OBJ_9 /* Config.swift */,
				OBJ_10 /* Logging.swift */,
				OBJ_11 /* Model */,
				OBJ_15 /* Network */,
				OBJ_17 /* ViewController */,
			);
			name = Logging;
			path = Sources/Logging;
			sourceTree = SOURCE_ROOT;
		};
/* End PBXGroup section */

/* Begin PBXNativeTarget section */
		6C813B2926596B7700A8C312 /* LogListener */ = {
			isa = PBXNativeTarget;
			buildConfigurationList = 6C813B3026596B7700A8C312 /* Build configuration list for PBXNativeTarget "LogListener" */;
			buildPhases = (
				6C813B2626596B7700A8C312 /* Sources */,
				6C813B2726596B7700A8C312 /* Frameworks */,
				6C813B2826596B7700A8C312 /* CopyFiles */,
			);
			buildRules = (
			);
			dependencies = (
			);
			name = LogListener;
			packageProductDependencies = (
				6C813B4226596D6700A8C312 /* Fluent */,
			);
			productName = LogListener;
			productReference = 6C813B2A26596B7700A8C312 /* LogListener */;
			productType = "com.apple.product-type.tool";
		};
		"Logging::Logging" /* Logging */ = {
			isa = PBXNativeTarget;
			buildConfigurationList = OBJ_30 /* Build configuration list for PBXNativeTarget "Logging" */;
			buildPhases = (
				OBJ_33 /* Sources */,
				OBJ_41 /* Frameworks */,
			);
			buildRules = (
			);
			dependencies = (
			);
			name = Logging;
			productName = Logging;
			productReference = "Logging::Logging::Product" /* Logging.framework */;
			productType = "com.apple.product-type.framework";
		};
		"Logging::LoggingTests" /* LoggingTests */ = {
			isa = PBXNativeTarget;
			buildConfigurationList = OBJ_54 /* Build configuration list for PBXNativeTarget "LoggingTests" */;
			buildPhases = (
				OBJ_57 /* Sources */,
				OBJ_60 /* Frameworks */,
			);
			buildRules = (
			);
			dependencies = (
				OBJ_62 /* PBXTargetDependency */,
			);
			name = LoggingTests;
			productName = LoggingTests;
			productReference = "Logging::LoggingTests::Product" /* LoggingTests.xctest */;
			productType = "com.apple.product-type.bundle.unit-test";
		};
		"Logging::SwiftPMPackageDescription" /* LoggingPackageDescription */ = {
			isa = PBXNativeTarget;
			buildConfigurationList = OBJ_43 /* Build configuration list for PBXNativeTarget "LoggingPackageDescription" */;
			buildPhases = (
				OBJ_46 /* Sources */,
			);
			buildRules = (
			);
			dependencies = (
			);
			name = LoggingPackageDescription;
			productName = LoggingPackageDescription;
			productType = "com.apple.product-type.framework";
		};
/* End PBXNativeTarget section */

/* Begin PBXProject section */
		OBJ_1 /* Project object */ = {
			isa = PBXProject;
			attributes = {
				LastSwiftMigration = 9999;
				LastSwiftUpdateCheck = 1240;
				LastUpgradeCheck = 1240;
				TargetAttributes = {
					6C813B2926596B7700A8C312 = {
						CreatedOnToolsVersion = 12.4;
					};
				};
			};
			buildConfigurationList = OBJ_2 /* Build configuration list for PBXProject "Logging" */;
			compatibilityVersion = "Xcode 3.2";
			developmentRegion = en;
			hasScannedForEncodings = 0;
			knownRegions = (
				en,
				Base,
			);
			mainGroup = OBJ_5;
			packageReferences = (
				6C813B4126596D6700A8C312 /* XCRemoteSwiftPackageReference "fluent" */,
			);
			productRefGroup = OBJ_23 /* Products */;
			projectDirPath = "";
			projectRoot = "";
			targets = (
				"Logging::Logging" /* Logging */,
				"Logging::SwiftPMPackageDescription" /* LoggingPackageDescription */,
				"Logging::LoggingPackageTests::ProductTarget" /* LoggingPackageTests */,
				"Logging::LoggingTests" /* LoggingTests */,
				6C813B2926596B7700A8C312 /* LogListener */,
			);
		};
/* End PBXProject section */

/* Begin PBXSourcesBuildPhase section */
		6C813B2626596B7700A8C312 /* Sources */ = {
			isa = PBXSourcesBuildPhase;
			buildActionMask = 2147483647;
			files = (
				6C813B5A265971EA00A8C312 /* LogController.swift in Sources */,
				6C813B2D26596B7700A8C312 /* main.swift in Sources */,
				6C813B4B265971BA00A8C312 /* routes.swift in Sources */,
				6C813B52265971CF00A8C312 /* configure.swift in Sources */,
			);
			runOnlyForDeploymentPostprocessing = 0;
		};
		OBJ_33 /* Sources */ = {
			isa = PBXSourcesBuildPhase;
			buildActionMask = 0;
			files = (
				OBJ_34 /* Config.swift in Sources */,
				OBJ_35 /* Logging.swift in Sources */,
				OBJ_36 /* ErrorModel.swift in Sources */,
				OBJ_37 /* InfoPageModel.swift in Sources */,
				OBJ_38 /* LogModel.swift in Sources */,
				OBJ_39 /* NetworkLayer.swift in Sources */,
				OBJ_40 /* LoggerViewController.swift in Sources */,
			);
			runOnlyForDeploymentPostprocessing = 0;
		};
		OBJ_46 /* Sources */ = {
			isa = PBXSourcesBuildPhase;
			buildActionMask = 0;
			files = (
				OBJ_47 /* Package.swift in Sources */,
			);
			runOnlyForDeploymentPostprocessing = 0;
		};
		OBJ_57 /* Sources */ = {
			isa = PBXSourcesBuildPhase;
			buildActionMask = 0;
			files = (
				OBJ_58 /* LoggingTests.swift in Sources */,
				OBJ_59 /* XCTestManifests.swift in Sources */,
			);
			runOnlyForDeploymentPostprocessing = 0;
		};
/* End PBXSourcesBuildPhase section */

/* Begin PBXTargetDependency section */
		OBJ_52 /* PBXTargetDependency */ = {
			isa = PBXTargetDependency;
			target = "Logging::LoggingTests" /* LoggingTests */;
			targetProxy = 6C813B2326596B6300A8C312 /* PBXContainerItemProxy */;
		};
		OBJ_62 /* PBXTargetDependency */ = {
			isa = PBXTargetDependency;
			target = "Logging::Logging" /* Logging */;
			targetProxy = 6C813B2026596B6000A8C312 /* PBXContainerItemProxy */;
		};
/* End PBXTargetDependency section */

/* Begin XCBuildConfiguration section */
		6C813B2E26596B7700A8C312 /* Debug */ = {
			isa = XCBuildConfiguration;
			buildSettings = {
				ALWAYS_SEARCH_USER_PATHS = NO;
				CLANG_ANALYZER_NONNULL = YES;
				CLANG_ANALYZER_NUMBER_OBJECT_CONVERSION = YES_AGGRESSIVE;
				CLANG_CXX_LANGUAGE_STANDARD = "gnu++14";
				CLANG_CXX_LIBRARY = "libc++";
				CLANG_ENABLE_MODULES = YES;
				CLANG_ENABLE_OBJC_WEAK = YES;
				CLANG_WARN_BLOCK_CAPTURE_AUTORELEASING = YES;
				CLANG_WARN_BOOL_CONVERSION = YES;
				CLANG_WARN_COMMA = YES;
				CLANG_WARN_CONSTANT_CONVERSION = YES;
				CLANG_WARN_DEPRECATED_OBJC_IMPLEMENTATIONS = YES;
				CLANG_WARN_DIRECT_OBJC_ISA_USAGE = YES_ERROR;
				CLANG_WARN_DOCUMENTATION_COMMENTS = YES;
				CLANG_WARN_EMPTY_BODY = YES;
				CLANG_WARN_ENUM_CONVERSION = YES;
				CLANG_WARN_INFINITE_RECURSION = YES;
				CLANG_WARN_INT_CONVERSION = YES;
				CLANG_WARN_NON_LITERAL_NULL_CONVERSION = YES;
				CLANG_WARN_OBJC_IMPLICIT_RETAIN_SELF = YES;
				CLANG_WARN_OBJC_LITERAL_CONVERSION = YES;
				CLANG_WARN_OBJC_ROOT_CLASS = YES_ERROR;
				CLANG_WARN_QUOTED_INCLUDE_IN_FRAMEWORK_HEADER = YES;
				CLANG_WARN_RANGE_LOOP_ANALYSIS = YES;
				CLANG_WARN_STRICT_PROTOTYPES = YES;
				CLANG_WARN_SUSPICIOUS_MOVE = YES;
				CLANG_WARN_UNGUARDED_AVAILABILITY = YES_AGGRESSIVE;
				CLANG_WARN_UNREACHABLE_CODE = YES;
				CLANG_WARN__DUPLICATE_METHOD_MATCH = YES;
				CODE_SIGN_IDENTITY = "-";
				CODE_SIGN_STYLE = Automatic;
				ENABLE_STRICT_OBJC_MSGSEND = YES;
				ENABLE_TESTABILITY = YES;
				GCC_C_LANGUAGE_STANDARD = gnu11;
				GCC_DYNAMIC_NO_PIC = NO;
				GCC_NO_COMMON_BLOCKS = YES;
				GCC_PREPROCESSOR_DEFINITIONS = (
					"DEBUG=1",
					"$(inherited)",
				);
				GCC_WARN_64_TO_32_BIT_CONVERSION = YES;
				GCC_WARN_ABOUT_RETURN_TYPE = YES_ERROR;
				GCC_WARN_UNDECLARED_SELECTOR = YES;
				GCC_WARN_UNINITIALIZED_AUTOS = YES_AGGRESSIVE;
				GCC_WARN_UNUSED_FUNCTION = YES;
				GCC_WARN_UNUSED_VARIABLE = YES;
				MACOSX_DEPLOYMENT_TARGET = 11.1;
				MTL_ENABLE_DEBUG_INFO = INCLUDE_SOURCE;
				MTL_FAST_MATH = YES;
				PRODUCT_NAME = "$(TARGET_NAME)";
				SWIFT_ACTIVE_COMPILATION_CONDITIONS = DEBUG;
				SWIFT_VERSION = 5.0;
			};
			name = Debug;
		};
		6C813B2F26596B7700A8C312 /* Release */ = {
			isa = XCBuildConfiguration;
			buildSettings = {
				ALWAYS_SEARCH_USER_PATHS = NO;
				CLANG_ANALYZER_NONNULL = YES;
				CLANG_ANALYZER_NUMBER_OBJECT_CONVERSION = YES_AGGRESSIVE;
				CLANG_CXX_LANGUAGE_STANDARD = "gnu++14";
				CLANG_CXX_LIBRARY = "libc++";
				CLANG_ENABLE_MODULES = YES;
				CLANG_ENABLE_OBJC_WEAK = YES;
				CLANG_WARN_BLOCK_CAPTURE_AUTORELEASING = YES;
				CLANG_WARN_BOOL_CONVERSION = YES;
				CLANG_WARN_COMMA = YES;
				CLANG_WARN_CONSTANT_CONVERSION = YES;
				CLANG_WARN_DEPRECATED_OBJC_IMPLEMENTATIONS = YES;
				CLANG_WARN_DIRECT_OBJC_ISA_USAGE = YES_ERROR;
				CLANG_WARN_DOCUMENTATION_COMMENTS = YES;
				CLANG_WARN_EMPTY_BODY = YES;
				CLANG_WARN_ENUM_CONVERSION = YES;
				CLANG_WARN_INFINITE_RECURSION = YES;
				CLANG_WARN_INT_CONVERSION = YES;
				CLANG_WARN_NON_LITERAL_NULL_CONVERSION = YES;
				CLANG_WARN_OBJC_IMPLICIT_RETAIN_SELF = YES;
				CLANG_WARN_OBJC_LITERAL_CONVERSION = YES;
				CLANG_WARN_OBJC_ROOT_CLASS = YES_ERROR;
				CLANG_WARN_QUOTED_INCLUDE_IN_FRAMEWORK_HEADER = YES;
				CLANG_WARN_RANGE_LOOP_ANALYSIS = YES;
				CLANG_WARN_STRICT_PROTOTYPES = YES;
				CLANG_WARN_SUSPICIOUS_MOVE = YES;
				CLANG_WARN_UNGUARDED_AVAILABILITY = YES_AGGRESSIVE;
				CLANG_WARN_UNREACHABLE_CODE = YES;
				CLANG_WARN__DUPLICATE_METHOD_MATCH = YES;
				CODE_SIGN_IDENTITY = "-";
				CODE_SIGN_STYLE = Automatic;
				COPY_PHASE_STRIP = NO;
				ENABLE_NS_ASSERTIONS = NO;
				ENABLE_STRICT_OBJC_MSGSEND = YES;
				GCC_C_LANGUAGE_STANDARD = gnu11;
				GCC_NO_COMMON_BLOCKS = YES;
				GCC_WARN_64_TO_32_BIT_CONVERSION = YES;
				GCC_WARN_ABOUT_RETURN_TYPE = YES_ERROR;
				GCC_WARN_UNDECLARED_SELECTOR = YES;
				GCC_WARN_UNINITIALIZED_AUTOS = YES_AGGRESSIVE;
				GCC_WARN_UNUSED_FUNCTION = YES;
				GCC_WARN_UNUSED_VARIABLE = YES;
				MACOSX_DEPLOYMENT_TARGET = 11.1;
				MTL_ENABLE_DEBUG_INFO = NO;
				MTL_FAST_MATH = YES;
				PRODUCT_NAME = "$(TARGET_NAME)";
				SWIFT_VERSION = 5.0;
			};
			name = Release;
		};
		OBJ_3 /* Debug */ = {
			isa = XCBuildConfiguration;
			buildSettings = {
				CLANG_ENABLE_OBJC_ARC = YES;
				CLANG_WARN_BLOCK_CAPTURE_AUTORELEASING = YES;
				CLANG_WARN_BOOL_CONVERSION = YES;
				CLANG_WARN_COMMA = YES;
				CLANG_WARN_CONSTANT_CONVERSION = YES;
				CLANG_WARN_DEPRECATED_OBJC_IMPLEMENTATIONS = YES;
				CLANG_WARN_EMPTY_BODY = YES;
				CLANG_WARN_ENUM_CONVERSION = YES;
				CLANG_WARN_INFINITE_RECURSION = YES;
				CLANG_WARN_INT_CONVERSION = YES;
				CLANG_WARN_NON_LITERAL_NULL_CONVERSION = YES;
				CLANG_WARN_OBJC_IMPLICIT_RETAIN_SELF = YES;
				CLANG_WARN_OBJC_LITERAL_CONVERSION = YES;
				CLANG_WARN_QUOTED_INCLUDE_IN_FRAMEWORK_HEADER = YES;
				CLANG_WARN_RANGE_LOOP_ANALYSIS = YES;
				CLANG_WARN_STRICT_PROTOTYPES = YES;
				CLANG_WARN_SUSPICIOUS_MOVE = YES;
				CLANG_WARN_UNREACHABLE_CODE = YES;
				CLANG_WARN__DUPLICATE_METHOD_MATCH = YES;
				COMBINE_HIDPI_IMAGES = YES;
				COPY_PHASE_STRIP = NO;
				DEBUG_INFORMATION_FORMAT = dwarf;
				DYLIB_INSTALL_NAME_BASE = "@rpath";
				ENABLE_NS_ASSERTIONS = YES;
				ENABLE_STRICT_OBJC_MSGSEND = YES;
				ENABLE_TESTABILITY = YES;
				GCC_NO_COMMON_BLOCKS = YES;
				GCC_OPTIMIZATION_LEVEL = 0;
				GCC_PREPROCESSOR_DEFINITIONS = (
					"$(inherited)",
					"SWIFT_PACKAGE=1",
					"DEBUG=1",
				);
				GCC_WARN_64_TO_32_BIT_CONVERSION = YES;
				GCC_WARN_ABOUT_RETURN_TYPE = YES;
				GCC_WARN_UNDECLARED_SELECTOR = YES;
				GCC_WARN_UNINITIALIZED_AUTOS = YES;
				GCC_WARN_UNUSED_FUNCTION = YES;
				GCC_WARN_UNUSED_VARIABLE = YES;
				MACOSX_DEPLOYMENT_TARGET = 10.10;
				ONLY_ACTIVE_ARCH = YES;
				OTHER_SWIFT_FLAGS = "$(inherited) -DXcode";
				PRODUCT_NAME = "$(TARGET_NAME)";
				SDKROOT = macosx;
				SUPPORTED_PLATFORMS = "macosx iphoneos iphonesimulator appletvos appletvsimulator watchos watchsimulator";
				SWIFT_ACTIVE_COMPILATION_CONDITIONS = "$(inherited) SWIFT_PACKAGE DEBUG";
				SWIFT_OPTIMIZATION_LEVEL = "-Onone";
				USE_HEADERMAP = NO;
			};
			name = Debug;
		};
		OBJ_31 /* Debug */ = {
			isa = XCBuildConfiguration;
			buildSettings = {
				CURRENT_PROJECT_VERSION = 2;
				ENABLE_TESTABILITY = YES;
				FRAMEWORK_SEARCH_PATHS = (
					"$(inherited)",
					"$(PLATFORM_DIR)/Developer/Library/Frameworks",
				);
				HEADER_SEARCH_PATHS = "$(inherited)";
				INFOPLIST_FILE = "$(SRCROOT)/Info.plist";
				IPHONEOS_DEPLOYMENT_TARGET = 13.0;
				LD_RUNPATH_SEARCH_PATHS = (
					"$(inherited)",
					"$(TOOLCHAIN_DIR)/usr/lib/swift/macosx",
				);
				MACOSX_DEPLOYMENT_TARGET = 10.10;
				OTHER_CFLAGS = "$(inherited)";
				OTHER_LDFLAGS = "$(inherited)";
				OTHER_SWIFT_FLAGS = "$(inherited)";
				PRODUCT_BUNDLE_IDENTIFIER = Logging;
				PRODUCT_MODULE_NAME = "$(TARGET_NAME:c99extidentifier)";
				PRODUCT_NAME = "$(TARGET_NAME:c99extidentifier)";
				SKIP_INSTALL = YES;
				SWIFT_ACTIVE_COMPILATION_CONDITIONS = "$(inherited)";
				SWIFT_VERSION = 5.0;
				TARGET_NAME = Logging;
				TVOS_DEPLOYMENT_TARGET = 12.0;
				WATCHOS_DEPLOYMENT_TARGET = 2.0;
			};
			name = Debug;
		};
		OBJ_32 /* Release */ = {
			isa = XCBuildConfiguration;
			buildSettings = {
				CURRENT_PROJECT_VERSION = 2;
				ENABLE_TESTABILITY = YES;
				FRAMEWORK_SEARCH_PATHS = (
					"$(inherited)",
					"$(PLATFORM_DIR)/Developer/Library/Frameworks",
				);
				HEADER_SEARCH_PATHS = "$(inherited)";
				INFOPLIST_FILE = "$(SRCROOT)/Info.plist";
				IPHONEOS_DEPLOYMENT_TARGET = 13.0;
				LD_RUNPATH_SEARCH_PATHS = (
					"$(inherited)",
					"$(TOOLCHAIN_DIR)/usr/lib/swift/macosx",
				);
				MACOSX_DEPLOYMENT_TARGET = 10.10;
				OTHER_CFLAGS = "$(inherited)";
				OTHER_LDFLAGS = "$(inherited)";
				OTHER_SWIFT_FLAGS = "$(inherited)";
				PRODUCT_BUNDLE_IDENTIFIER = Logging;
				PRODUCT_MODULE_NAME = "$(TARGET_NAME:c99extidentifier)";
				PRODUCT_NAME = "$(TARGET_NAME:c99extidentifier)";
				SKIP_INSTALL = YES;
				SWIFT_ACTIVE_COMPILATION_CONDITIONS = "$(inherited)";
				SWIFT_VERSION = 5.0;
				TARGET_NAME = Logging;
				TVOS_DEPLOYMENT_TARGET = 12.0;
				WATCHOS_DEPLOYMENT_TARGET = 2.0;
			};
			name = Release;
		};
		OBJ_4 /* Release */ = {
			isa = XCBuildConfiguration;
			buildSettings = {
				CLANG_ENABLE_OBJC_ARC = YES;
				CLANG_WARN_BLOCK_CAPTURE_AUTORELEASING = YES;
				CLANG_WARN_BOOL_CONVERSION = YES;
				CLANG_WARN_COMMA = YES;
				CLANG_WARN_CONSTANT_CONVERSION = YES;
				CLANG_WARN_DEPRECATED_OBJC_IMPLEMENTATIONS = YES;
				CLANG_WARN_EMPTY_BODY = YES;
				CLANG_WARN_ENUM_CONVERSION = YES;
				CLANG_WARN_INFINITE_RECURSION = YES;
				CLANG_WARN_INT_CONVERSION = YES;
				CLANG_WARN_NON_LITERAL_NULL_CONVERSION = YES;
				CLANG_WARN_OBJC_IMPLICIT_RETAIN_SELF = YES;
				CLANG_WARN_OBJC_LITERAL_CONVERSION = YES;
				CLANG_WARN_QUOTED_INCLUDE_IN_FRAMEWORK_HEADER = YES;
				CLANG_WARN_RANGE_LOOP_ANALYSIS = YES;
				CLANG_WARN_STRICT_PROTOTYPES = YES;
				CLANG_WARN_SUSPICIOUS_MOVE = YES;
				CLANG_WARN_UNREACHABLE_CODE = YES;
				CLANG_WARN__DUPLICATE_METHOD_MATCH = YES;
				COMBINE_HIDPI_IMAGES = YES;
				COPY_PHASE_STRIP = YES;
				DEBUG_INFORMATION_FORMAT = "dwarf-with-dsym";
				DYLIB_INSTALL_NAME_BASE = "@rpath";
				ENABLE_STRICT_OBJC_MSGSEND = YES;
				GCC_NO_COMMON_BLOCKS = YES;
				GCC_OPTIMIZATION_LEVEL = s;
				GCC_PREPROCESSOR_DEFINITIONS = (
					"$(inherited)",
					"SWIFT_PACKAGE=1",
				);
				GCC_WARN_64_TO_32_BIT_CONVERSION = YES;
				GCC_WARN_ABOUT_RETURN_TYPE = YES;
				GCC_WARN_UNDECLARED_SELECTOR = YES;
				GCC_WARN_UNINITIALIZED_AUTOS = YES;
				GCC_WARN_UNUSED_FUNCTION = YES;
				GCC_WARN_UNUSED_VARIABLE = YES;
				MACOSX_DEPLOYMENT_TARGET = 10.10;
				OTHER_SWIFT_FLAGS = "$(inherited) -DXcode";
				PRODUCT_NAME = "$(TARGET_NAME)";
				SDKROOT = macosx;
				SUPPORTED_PLATFORMS = "macosx iphoneos iphonesimulator appletvos appletvsimulator watchos watchsimulator";
				SWIFT_ACTIVE_COMPILATION_CONDITIONS = "$(inherited) SWIFT_PACKAGE";
				SWIFT_COMPILATION_MODE = wholemodule;
				SWIFT_OPTIMIZATION_LEVEL = "-O";
				USE_HEADERMAP = NO;
			};
			name = Release;
		};
		OBJ_44 /* Debug */ = {
			isa = XCBuildConfiguration;
			buildSettings = {
				LD = /usr/bin/true;
				OTHER_SWIFT_FLAGS = "-swift-version 5 -I $(TOOLCHAIN_DIR)/usr/lib/swift/pm/4_2 -sdk /Applications/Xcode.app/Contents/Developer/Platforms/MacOSX.platform/Developer/SDKs/MacOSX11.1.sdk -package-description-version 5.3.0";
				SWIFT_VERSION = 5.0;
			};
			name = Debug;
		};
		OBJ_45 /* Release */ = {
			isa = XCBuildConfiguration;
			buildSettings = {
				LD = /usr/bin/true;
				OTHER_SWIFT_FLAGS = "-swift-version 5 -I $(TOOLCHAIN_DIR)/usr/lib/swift/pm/4_2 -sdk /Applications/Xcode.app/Contents/Developer/Platforms/MacOSX.platform/Developer/SDKs/MacOSX11.1.sdk -package-description-version 5.3.0";
				SWIFT_VERSION = 5.0;
			};
			name = Release;
		};
		OBJ_50 /* Debug */ = {
			isa = XCBuildConfiguration;
			buildSettings = {
			};
			name = Debug;
		};
		OBJ_51 /* Release */ = {
			isa = XCBuildConfiguration;
			buildSettings = {
			};
			name = Release;
		};
		OBJ_55 /* Debug */ = {
			isa = XCBuildConfiguration;
			buildSettings = {
				ALWAYS_EMBED_SWIFT_STANDARD_LIBRARIES = YES;
				CLANG_ENABLE_MODULES = YES;
				FRAMEWORK_SEARCH_PATHS = (
					"$(inherited)",
					"$(PLATFORM_DIR)/Developer/Library/Frameworks",
				);
				HEADER_SEARCH_PATHS = "$(inherited)";
				INFOPLIST_FILE = Logging.xcodeproj/LoggingTests_Info.plist;
				IPHONEOS_DEPLOYMENT_TARGET = 14.0;
				LD_RUNPATH_SEARCH_PATHS = (
					"$(inherited)",
					"@loader_path/../Frameworks",
					"@loader_path/Frameworks",
				);
				MACOSX_DEPLOYMENT_TARGET = 10.15;
				OTHER_CFLAGS = "$(inherited)";
				OTHER_LDFLAGS = "$(inherited)";
				OTHER_SWIFT_FLAGS = "$(inherited)";
				SWIFT_ACTIVE_COMPILATION_CONDITIONS = "$(inherited)";
				SWIFT_VERSION = 5.0;
				TARGET_NAME = LoggingTests;
				TVOS_DEPLOYMENT_TARGET = 12.0;
				WATCHOS_DEPLOYMENT_TARGET = 2.0;
			};
			name = Debug;
		};
		OBJ_56 /* Release */ = {
			isa = XCBuildConfiguration;
			buildSettings = {
				ALWAYS_EMBED_SWIFT_STANDARD_LIBRARIES = YES;
				CLANG_ENABLE_MODULES = YES;
				FRAMEWORK_SEARCH_PATHS = (
					"$(inherited)",
					"$(PLATFORM_DIR)/Developer/Library/Frameworks",
				);
				HEADER_SEARCH_PATHS = "$(inherited)";
				INFOPLIST_FILE = Logging.xcodeproj/LoggingTests_Info.plist;
				IPHONEOS_DEPLOYMENT_TARGET = 14.0;
				LD_RUNPATH_SEARCH_PATHS = (
					"$(inherited)",
					"@loader_path/../Frameworks",
					"@loader_path/Frameworks",
				);
				MACOSX_DEPLOYMENT_TARGET = 10.15;
				OTHER_CFLAGS = "$(inherited)";
				OTHER_LDFLAGS = "$(inherited)";
				OTHER_SWIFT_FLAGS = "$(inherited)";
				SWIFT_ACTIVE_COMPILATION_CONDITIONS = "$(inherited)";
				SWIFT_VERSION = 5.0;
				TARGET_NAME = LoggingTests;
				TVOS_DEPLOYMENT_TARGET = 12.0;
				WATCHOS_DEPLOYMENT_TARGET = 2.0;
			};
			name = Release;
		};
/* End XCBuildConfiguration section */

/* Begin XCConfigurationList section */
		6C813B3026596B7700A8C312 /* Build configuration list for PBXNativeTarget "LogListener" */ = {
			isa = XCConfigurationList;
			buildConfigurations = (
				6C813B2E26596B7700A8C312 /* Debug */,
				6C813B2F26596B7700A8C312 /* Release */,
			);
			defaultConfigurationIsVisible = 0;
			defaultConfigurationName = Release;
		};
		OBJ_2 /* Build configuration list for PBXProject "Logging" */ = {
			isa = XCConfigurationList;
			buildConfigurations = (
				OBJ_3 /* Debug */,
				OBJ_4 /* Release */,
			);
			defaultConfigurationIsVisible = 0;
			defaultConfigurationName = Release;
		};
		OBJ_30 /* Build configuration list for PBXNativeTarget "Logging" */ = {
			isa = XCConfigurationList;
			buildConfigurations = (
				OBJ_31 /* Debug */,
				OBJ_32 /* Release */,
			);
			defaultConfigurationIsVisible = 0;
			defaultConfigurationName = Release;
		};
		OBJ_43 /* Build configuration list for PBXNativeTarget "LoggingPackageDescription" */ = {
			isa = XCConfigurationList;
			buildConfigurations = (
				OBJ_44 /* Debug */,
				OBJ_45 /* Release */,
			);
			defaultConfigurationIsVisible = 0;
			defaultConfigurationName = Release;
		};
		OBJ_49 /* Build configuration list for PBXAggregateTarget "LoggingPackageTests" */ = {
			isa = XCConfigurationList;
			buildConfigurations = (
				OBJ_50 /* Debug */,
				OBJ_51 /* Release */,
			);
			defaultConfigurationIsVisible = 0;
			defaultConfigurationName = Release;
		};
		OBJ_54 /* Build configuration list for PBXNativeTarget "LoggingTests" */ = {
			isa = XCConfigurationList;
			buildConfigurations = (
				OBJ_55 /* Debug */,
				OBJ_56 /* Release */,
			);
			defaultConfigurationIsVisible = 0;
			defaultConfigurationName = Release;
		};
/* End XCConfigurationList section */

/* Begin XCRemoteSwiftPackageReference section */
		6C813B4126596D6700A8C312 /* XCRemoteSwiftPackageReference "fluent" */ = {
			isa = XCRemoteSwiftPackageReference;
			repositoryURL = "https://github.com/vapor/fluent.git";
			requirement = {
				kind = upToNextMajorVersion;
				minimumVersion = 4.2.0;
			};
		};
/* End XCRemoteSwiftPackageReference section */

/* Begin XCSwiftPackageProductDependency section */
		6C813B4226596D6700A8C312 /* Fluent */ = {
			isa = XCSwiftPackageProductDependency;
			package = 6C813B4126596D6700A8C312 /* XCRemoteSwiftPackageReference "fluent" */;
			productName = Fluent;
		};
/* End XCSwiftPackageProductDependency section */
	};
	rootObject = OBJ_1 /* Project object */;
}
